
Microsoft Visual Studio Solution File, Format Version 12.00
# Visual Studio 15
VisualStudioVersion = 15.0.28307.329
MinimumVisualStudioVersion = 10.0.40219.1
Project("{9A19103F-16F7-4668-BE54-9A1E7A4F7556}") = "S25_rpg", "S25_rpg\S25_rpg.csproj", "{8DBBA838-AB28-45D9-A83E-4DC982432C93}"
EndProject
Project("{9A19103F-16F7-4668-BE54-9A1E7A4F7556}") = "S25_rpg.DAL", "S25_rpg.DAL\S25_rpg.DAL.csproj", "{8085412A-D9E4-44FA-98F8-31C4CBD7FDD8}"
EndProject
Project("{9A19103F-16F7-4668-BE54-9A1E7A4F7556}") = "S25_rpg.Models", "S25_rpg.Interfaces\S25_rpg.Models.csproj", "{3FDFECEA-C09B-4EE8-828E-DC566AD0569E}"
EndProject
Project("{9A19103F-16F7-4668-BE54-9A1E7A4F7556}") = "S25_rpg.Logic", "S25_rpg.Logic\S25_rpg.Logic.csproj", "{AE0034F7-25CE-480D-A231-AE98140DD353}"
EndProject
Project("{9A19103F-16F7-4668-BE54-9A1E7A4F7556}") = "Tests", "UnitTests\Tests.csproj", "{E416ED98-090C-40A7-920B-8FD6D9908360}"
EndProject
Project("{9A19103F-16F7-4668-BE54-9A1E7A4F7556}") = "S25_rpg.Factory", "S25_rpg.Factory\S25_rpg.Factory.csproj", "{3A7F0D93-E976-4AD2-8C62-CF68943956F9}"
EndProject
Global
	GlobalSection(SolutionConfigurationPlatforms) = preSolution
		Debug|Any CPU = Debug|Any CPU
		Release|Any CPU = Release|Any CPU
	EndGlobalSection
	GlobalSection(ProjectConfigurationPlatforms) = postSolution
		{8DBBA838-AB28-45D9-A83E-4DC982432C93}.Debug|Any CPU.ActiveCfg = Debug|Any CPU
		{8DBBA838-AB28-45D9-A83E-4DC982432C93}.Debug|Any CPU.Build.0 = Debug|Any CPU
		{8DBBA838-AB28-45D9-A83E-4DC982432C93}.Release|Any CPU.ActiveCfg = Release|Any CPU
		{8DBBA838-AB28-45D9-A83E-4DC982432C93}.Release|Any CPU.Build.0 = Release|Any CPU
		{8085412A-D9E4-44FA-98F8-31C4CBD7FDD8}.Debug|Any CPU.ActiveCfg = Debug|Any CPU
		{8085412A-D9E4-44FA-98F8-31C4CBD7FDD8}.Debug|Any CPU.Build.0 = Debug|Any CPU
		{8085412A-D9E4-44FA-98F8-31C4CBD7FDD8}.Release|Any CPU.ActiveCfg = Release|Any CPU
		{8085412A-D9E4-44FA-98F8-31C4CBD7FDD8}.Release|Any CPU.Build.0 = Release|Any CPU
		{3FDFECEA-C09B-4EE8-828E-DC566AD0569E}.Debug|Any CPU.ActiveCfg = Debug|Any CPU
		{3FDFECEA-C09B-4EE8-828E-DC566AD0569E}.Debug|Any CPU.Build.0 = Debug|Any CPU
		{3FDFECEA-C09B-4EE8-828E-DC566AD0569E}.Release|Any CPU.ActiveCfg = Release|Any CPU
		{3FDFECEA-C09B-4EE8-828E-DC566AD0569E}.Release|Any CPU.Build.0 = Release|Any CPU
		{AE0034F7-25CE-480D-A231-AE98140DD353}.Debug|Any CPU.ActiveCfg = Debug|Any CPU
		{AE0034F7-25CE-480D-A231-AE98140DD353}.Debug|Any CPU.Build.0 = Debug|Any CPU
		{AE0034F7-25CE-480D-A231-AE98140DD353}.Release|Any CPU.ActiveCfg = Release|Any CPU
		{AE0034F7-25CE-480D-A231-AE98140DD353}.Release|Any CPU.Build.0 = Release|Any CPU
		{E416ED98-090C-40A7-920B-8FD6D9908360}.Debug|Any CPU.ActiveCfg = Debug|Any CPU
		{E416ED98-090C-40A7-920B-8FD6D9908360}.Debug|Any CPU.Build.0 = Debug|Any CPU
		{E416ED98-090C-40A7-920B-8FD6D9908360}.Release|Any CPU.ActiveCfg = Release|Any CPU
		{E416ED98-090C-40A7-920B-8FD6D9908360}.Release|Any CPU.Build.0 = Release|Any CPU
		{3A7F0D93-E976-4AD2-8C62-CF68943956F9}.Debug|Any CPU.ActiveCfg = Debug|Any CPU
		{3A7F0D93-E976-4AD2-8C62-CF68943956F9}.Debug|Any CPU.Build.0 = Debug|Any CPU
		{3A7F0D93-E976-4AD2-8C62-CF68943956F9}.Release|Any CPU.ActiveCfg = Release|Any CPU
		{3A7F0D93-E976-4AD2-8C62-CF68943956F9}.Release|Any CPU.Build.0 = Release|Any CPU
	EndGlobalSection
	GlobalSection(SolutionProperties) = preSolution
		HideSolutionNode = FALSE
	EndGlobalSection
	GlobalSection(ExtensibilityGlobals) = postSolution
		SolutionGuid = {1E35B23C-65FA-4A8E-B011-807D05ECF489}
	EndGlobalSection
EndGlobal
