
Microsoft Visual Studio Solution File, Format Version 12.00
# Visual Studio 15
VisualStudioVersion = 15.0.28307.329
MinimumVisualStudioVersion = 10.0.40219.1
Project("{FAE04EC0-301F-11D3-BF4B-00C04F79EFBC}") = "S25_rpg", "S25_rpg\S25_rpg.csproj", "{8DBBA838-AB28-45D9-A83E-4DC982432C93}"
EndProject
Project("{FAE04EC0-301F-11D3-BF4B-00C04F79EFBC}") = "S25_rpg.DAL", "S25_rpg.DAL\S25_rpg.DAL.csproj", "{8085412A-D9E4-44FA-98F8-31C4CBD7FDD8}"
EndProject
Project("{FAE04EC0-301F-11D3-BF4B-00C04F79EFBC}") = "S25_rpg.Interfaces", "S25_rpg.Interfaces\S25_rpg.Interfaces.csproj", "{3FDFECEA-C09B-4EE8-828E-DC566AD0569E}"
EndProject
Project("{FAE04EC0-301F-11D3-BF4B-00C04F79EFBC}") = "S25_rpg.Logic", "S25_rpg.Logic\S25_rpg.Logic.csproj", "{AE0034F7-25CE-480D-A231-AE98140DD353}"
EndProject
Global
	GlobalSection(SolutionConfigurationPlatforms) = preSolution
		Debug|Any CPU = Debug|Any CPU
		Release|Any CPU = Release|Any CPU
	EndGlobalSection
	GlobalSection(ProjectConfigurationPlatforms) = postSolution
		{8DBBA838-AB28-45D9-A83E-4DC982432C93}.Debug|Any CPU.ActiveCfg = Debug|Any CPU
		{8DBBA838-AB28-45D9-A83E-4DC982432C93}.Debug|Any CPU.Build.0 = Debug|Any CPU
		{8DBBA838-AB28-45D9-A83E-4DC982432C93}.Release|Any CPU.ActiveCfg = Release|Any CPU
		{8DBBA838-AB28-45D9-A83E-4DC982432C93}.Release|Any CPU.Build.0 = Release|Any CPU
		{8085412A-D9E4-44FA-98F8-31C4CBD7FDD8}.Debug|Any CPU.ActiveCfg = Debug|Any CPU
		{8085412A-D9E4-44FA-98F8-31C4CBD7FDD8}.Debug|Any CPU.Build.0 = Debug|Any CPU
		{8085412A-D9E4-44FA-98F8-31C4CBD7FDD8}.Release|Any CPU.ActiveCfg = Release|Any CPU
		{8085412A-D9E4-44FA-98F8-31C4CBD7FDD8}.Release|Any CPU.Build.0 = Release|Any CPU
		{3FDFECEA-C09B-4EE8-828E-DC566AD0569E}.Debug|Any CPU.ActiveCfg = Debug|Any CPU
		{3FDFECEA-C09B-4EE8-828E-DC566AD0569E}.Debug|Any CPU.Build.0 = Debug|Any CPU
		{3FDFECEA-C09B-4EE8-828E-DC566AD0569E}.Release|Any CPU.ActiveCfg = Release|Any CPU
		{3FDFECEA-C09B-4EE8-828E-DC566AD0569E}.Release|Any CPU.Build.0 = Release|Any CPU
		{AE0034F7-25CE-480D-A231-AE98140DD353}.Debug|Any CPU.ActiveCfg = Debug|Any CPU
		{AE0034F7-25CE-480D-A231-AE98140DD353}.Debug|Any CPU.Build.0 = Debug|Any CPU
		{AE0034F7-25CE-480D-A231-AE98140DD353}.Release|Any CPU.ActiveCfg = Release|Any CPU
		{AE0034F7-25CE-480D-A231-AE98140DD353}.Release|Any CPU.Build.0 = Release|Any CPU
	EndGlobalSection
	GlobalSection(SolutionProperties) = preSolution
		HideSolutionNode = FALSE
	EndGlobalSection
	GlobalSection(ExtensibilityGlobals) = postSolution
		SolutionGuid = {1E35B23C-65FA-4A8E-B011-807D05ECF489}
	EndGlobalSection
EndGlobal
